
Microsoft Visual Studio Solution File, Format Version 12.00
# Visual Studio Version 17
VisualStudioVersion = 17.7.34031.279
MinimumVisualStudioVersion = 10.0.40219.1
Project("{FAE04EC0-301F-11D3-BF4B-00C04F79EFBC}") = "Module", "Module\Module.csproj", "{08C7241B-0C1D-4724-940D-F9CF37B115B8}"
EndProject
Project("{FAE04EC0-301F-11D3-BF4B-00C04F79EFBC}") = "Unit Testing", "Unit Testing\Unit Testing.csproj", "{1F84D8D2-B5E8-4DA5-B00B-EECCEF4291B8}"
EndProject
Global
	GlobalSection(SolutionConfigurationPlatforms) = preSolution
		Debug|Any CPU = Debug|Any CPU
		Release|Any CPU = Release|Any CPU
	EndGlobalSection
	GlobalSection(ProjectConfigurationPlatforms) = postSolution
		{08C7241B-0C1D-4724-940D-F9CF37B115B8}.Debug|Any CPU.ActiveCfg = Debug|Any CPU
		{08C7241B-0C1D-4724-940D-F9CF37B115B8}.Debug|Any CPU.Build.0 = Debug|Any CPU
		{08C7241B-0C1D-4724-940D-F9CF37B115B8}.Release|Any CPU.ActiveCfg = Release|Any CPU
		{08C7241B-0C1D-4724-940D-F9CF37B115B8}.Release|Any CPU.Build.0 = Release|Any CPU
		{1F84D8D2-B5E8-4DA5-B00B-EECCEF4291B8}.Debug|Any CPU.ActiveCfg = Debug|Any CPU
		{1F84D8D2-B5E8-4DA5-B00B-EECCEF4291B8}.Debug|Any CPU.Build.0 = Debug|Any CPU
		{1F84D8D2-B5E8-4DA5-B00B-EECCEF4291B8}.Release|Any CPU.ActiveCfg = Release|Any CPU
		{1F84D8D2-B5E8-4DA5-B00B-EECCEF4291B8}.Release|Any CPU.Build.0 = Release|Any CPU
	EndGlobalSection
	GlobalSection(SolutionProperties) = preSolution
		HideSolutionNode = FALSE
	EndGlobalSection
	GlobalSection(ExtensibilityGlobals) = postSolution
		SolutionGuid = {CB722F1C-9B47-41CA-8148-114F7519FC9D}
	EndGlobalSection
EndGlobal
